
Microsoft Visual Studio Solution File, Format Version 12.00
# Visual Studio Version 17
VisualStudioVersion = 17.14.36414.22 d17.14
MinimumVisualStudioVersion = 10.0.40219.1
Project("{FAE04EC0-301F-11D3-BF4B-00C04F79EFBC}") = "tombok", "tombok\tombok.csproj", "{8AA2D6D2-4C19-4408-A7AB-AEE4326EECCC}"
EndProject
Global
	GlobalSection(SolutionConfigurationPlatforms) = preSolution
		Debug|Any CPU = Debug|Any CPU
		Release|Any CPU = Release|Any CPU
	EndGlobalSection
	GlobalSection(ProjectConfigurationPlatforms) = postSolution
		{8AA2D6D2-4C19-4408-A7AB-AEE4326EECCC}.Debug|Any CPU.ActiveCfg = Debug|Any CPU
		{8AA2D6D2-4C19-4408-A7AB-AEE4326EECCC}.Debug|Any CPU.Build.0 = Debug|Any CPU
		{8AA2D6D2-4C19-4408-A7AB-AEE4326EECCC}.Release|Any CPU.ActiveCfg = Release|Any CPU
		{8AA2D6D2-4C19-4408-A7AB-AEE4326EECCC}.Release|Any CPU.Build.0 = Release|Any CPU
	EndGlobalSection
	GlobalSection(SolutionProperties) = preSolution
		HideSolutionNode = FALSE
	EndGlobalSection
	GlobalSection(ExtensibilityGlobals) = postSolution
		SolutionGuid = {8316C389-43AE-4357-BF28-87899DE573AB}
	EndGlobalSection
EndGlobal
