
Microsoft Visual Studio Solution File, Format Version 12.00
# Visual Studio Version 17
VisualStudioVersion = 17.14.36414.22 d17.14
MinimumVisualStudioVersion = 10.0.40219.1
Project("{FAE04EC0-301F-11D3-BF4B-00C04F79EFBC}") = "jegyek_karbantartása", "jegyek_karbantartása\jegyek_karbantartása.csproj", "{AC0E5189-2883-450D-83B8-9F38BBFFA90D}"
EndProject
Global
	GlobalSection(SolutionConfigurationPlatforms) = preSolution
		Debug|Any CPU = Debug|Any CPU
		Release|Any CPU = Release|Any CPU
	EndGlobalSection
	GlobalSection(ProjectConfigurationPlatforms) = postSolution
		{AC0E5189-2883-450D-83B8-9F38BBFFA90D}.Debug|Any CPU.ActiveCfg = Debug|Any CPU
		{AC0E5189-2883-450D-83B8-9F38BBFFA90D}.Debug|Any CPU.Build.0 = Debug|Any CPU
		{AC0E5189-2883-450D-83B8-9F38BBFFA90D}.Release|Any CPU.ActiveCfg = Release|Any CPU
		{AC0E5189-2883-450D-83B8-9F38BBFFA90D}.Release|Any CPU.Build.0 = Release|Any CPU
	EndGlobalSection
	GlobalSection(SolutionProperties) = preSolution
		HideSolutionNode = FALSE
	EndGlobalSection
	GlobalSection(ExtensibilityGlobals) = postSolution
		SolutionGuid = {D513AB6E-3903-4133-A874-2F663C90740B}
	EndGlobalSection
EndGlobal
