
Microsoft Visual Studio Solution File, Format Version 12.00
# Visual Studio Version 17
VisualStudioVersion = 17.14.36414.22 d17.14
MinimumVisualStudioVersion = 10.0.40219.1
Project("{FAE04EC0-301F-11D3-BF4B-00C04F79EFBC}") = "elso_p", "elso_p\elso_p.csproj", "{89F44C83-5245-42FA-9B71-AE0B24A905F1}"
EndProject
Global
	GlobalSection(SolutionConfigurationPlatforms) = preSolution
		Debug|Any CPU = Debug|Any CPU
		Release|Any CPU = Release|Any CPU
	EndGlobalSection
	GlobalSection(ProjectConfigurationPlatforms) = postSolution
		{89F44C83-5245-42FA-9B71-AE0B24A905F1}.Debug|Any CPU.ActiveCfg = Debug|Any CPU
		{89F44C83-5245-42FA-9B71-AE0B24A905F1}.Debug|Any CPU.Build.0 = Debug|Any CPU
		{89F44C83-5245-42FA-9B71-AE0B24A905F1}.Release|Any CPU.ActiveCfg = Release|Any CPU
		{89F44C83-5245-42FA-9B71-AE0B24A905F1}.Release|Any CPU.Build.0 = Release|Any CPU
	EndGlobalSection
	GlobalSection(SolutionProperties) = preSolution
		HideSolutionNode = FALSE
	EndGlobalSection
	GlobalSection(ExtensibilityGlobals) = postSolution
		SolutionGuid = {B3BBB759-CCAF-434D-94A2-1F571229A43B}
	EndGlobalSection
EndGlobal
